<?xml version="1.0" encoding="utf-8"?>
<Project ToolsVersion="4.0" xmlns="http://schemas.microsoft.com/developer/msbuild/2003">
  <ItemGroup>
    <Filter Include="소스 파일">
      <UniqueIdentifier>{4FC737F1-C7A5-4376-A066-2A32D752A2FF}</UniqueIdentifier>
      <Extensions>cpp;c;cc;cxx;c++;cppm;ixx;def;odl;idl;hpj;bat;asm;asmx</Extensions>
    </Filter>
    <Filter Include="헤더 파일">
      <UniqueIdentifier>{93995380-89BD-4b04-88EB-625FBE52EBFB}</UniqueIdentifier>
      <Extensions>h;hh;hpp;hxx;h++;hm;inl;inc;ipp;xsd</Extensions>
    </Filter>
    <Filter Include="리소스 파일">
      <UniqueIdentifier>{67DA6AB6-F800-4c08-8B7A-83BB121AAD01}</UniqueIdentifier>
      <Extensions>rc;ico;cur;bmp;dlg;rc2;rct;bin;rgs;gif;jpg;jpeg;jpe;resx;tiff;tif;png;wav;mfcribbon-ms</Extensions>
    </Filter>
    <Filter Include="동물시리즈">
      <UniqueIdentifier>{f986f7bc-4c5f-4794-b097-61c5549fdf26}</UniqueIdentifier>
    </Filter>
    <Filter Include="몬스터시리즈">
      <UniqueIdentifier>{44d2ba16-b315-47aa-84cc-95baf77d1729}</UniqueIdentifier>
    </Filter>
    <Filter Include="모양">
      <UniqueIdentifier>{05cf97a1-20f1-4cd0-9430-7be68b51b05e}</UniqueIdentifier>
    </Filter>
    <Filter Include="자료구조">
      <UniqueIdentifier>{61099fb6-7797-4ab5-97dc-6c93a9697b65}</UniqueIdentifier>
    </Filter>
  </ItemGroup>
  <ItemGroup>
    <ClCompile Include="dwe.cpp">
      <Filter>소스 파일</Filter>
    </ClCompile>
    <ClCompile Include="TestMath.cpp">
      <Filter>소스 파일</Filter>
    </ClCompile>
    <ClCompile Include="Practice.cpp">
      <Filter>소스 파일</Filter>
    </ClCompile>
    <ClCompile Include="Practice_a.cpp">
      <Filter>소스 파일</Filter>
    </ClCompile>
    <ClCompile Include="Day0908.cpp">
      <Filter>소스 파일</Filter>
    </ClCompile>
    <ClCompile Include="Day0909.cpp">
      <Filter>소스 파일</Filter>
    </ClCompile>
    <ClCompile Include="Day0910.cpp">
      <Filter>소스 파일</Filter>
    </ClCompile>
    <ClCompile Include="Day0911.cpp">
      <Filter>소스 파일</Filter>
    </ClCompile>
    <ClCompile Include="Day0912.cpp">
      <Filter>소스 파일</Filter>
    </ClCompile>
    <ClCompile Include="Day0915.cpp">
      <Filter>소스 파일</Filter>
    </ClCompile>
    <ClCompile Include="DayOfWeek.cpp">
      <Filter>소스 파일</Filter>
    </ClCompile>
    <ClCompile Include="BlackJack.cpp">
      <Filter>소스 파일</Filter>
    </ClCompile>
    <ClCompile Include="Position.cpp">
      <Filter>소스 파일</Filter>
    </ClCompile>
    <ClCompile Include="Day0916.cpp">
      <Filter>소스 파일</Filter>
    </ClCompile>
    <ClCompile Include="Car.cpp">
      <Filter>소스 파일</Filter>
    </ClCompile>
    <ClCompile Include="Animal.cpp">
      <Filter>동물시리즈</Filter>
    </ClCompile>
    <ClCompile Include="Lion.cpp">
      <Filter>동물시리즈</Filter>
    </ClCompile>
    <ClCompile Include="Eagle.cpp">
      <Filter>동물시리즈</Filter>
    </ClCompile>
    <ClCompile Include="Shark.cpp">
      <Filter>동물시리즈</Filter>
    </ClCompile>
    <ClCompile Include="Monkey.cpp">
      <Filter>동물시리즈</Filter>
    </ClCompile>
    <ClCompile Include="Monster.cpp">
      <Filter>몬스터시리즈</Filter>
    </ClCompile>
    <ClCompile Include="Zombie.cpp">
      <Filter>몬스터시리즈</Filter>
    </ClCompile>
    <ClCompile Include="Skeleton.cpp">
      <Filter>몬스터시리즈</Filter>
    </ClCompile>
    <ClCompile Include="Orc.cpp">
      <Filter>몬스터시리즈</Filter>
    </ClCompile>
    <ClCompile Include="Goblin.cpp">
      <Filter>몬스터시리즈</Filter>
    </ClCompile>
    <ClCompile Include="Day0917.cpp">
      <Filter>소스 파일</Filter>
    </ClCompile>
    <ClCompile Include="Hawk.cpp">
      <Filter>동물시리즈</Filter>
    </ClCompile>
    <ClCompile Include="Shape.cpp">
      <Filter>모양</Filter>
    </ClCompile>
    <ClCompile Include="Day0918.cpp">
      <Filter>소스 파일</Filter>
    </ClCompile>
    <ClCompile Include="LinkedList.cpp">
      <Filter>자료구조</Filter>
    </ClCompile>
    <ClCompile Include="DoubleLinkedList.cpp">
      <Filter>소스 파일</Filter>
    </ClCompile>
    <ClCompile Include="FixedStack.cpp">
      <Filter>자료구조</Filter>
    </ClCompile>
    <ClCompile Include="Day0919.cpp">
      <Filter>소스 파일</Filter>
    </ClCompile>
    <ClCompile Include="CircularQueue.cpp">
      <Filter>자료구조</Filter>
    </ClCompile>
  </ItemGroup>
  <ItemGroup>
    <ClInclude Include="TestMath.h">
      <Filter>헤더 파일</Filter>
    </ClInclude>
    <ClInclude Include="Practice.h">
      <Filter>헤더 파일</Filter>
    </ClInclude>
    <ClInclude Include="Practice_a.h">
      <Filter>헤더 파일</Filter>
    </ClInclude>
    <ClInclude Include="dwe.h">
      <Filter>헤더 파일</Filter>
    </ClInclude>
    <ClInclude Include="Day0908.h">
      <Filter>헤더 파일</Filter>
    </ClInclude>
    <ClInclude Include="Day0909.h">
      <Filter>헤더 파일</Filter>
    </ClInclude>
    <ClInclude Include="Day0910.h">
      <Filter>헤더 파일</Filter>
    </ClInclude>
    <ClInclude Include="Day0911.h">
      <Filter>헤더 파일</Filter>
    </ClInclude>
    <ClInclude Include="Day0912.h">
      <Filter>헤더 파일</Filter>
    </ClInclude>
    <ClInclude Include="Position.h">
      <Filter>헤더 파일</Filter>
    </ClInclude>
    <ClInclude Include="Day0915.h">
      <Filter>헤더 파일</Filter>
    </ClInclude>
    <ClInclude Include="DayOfWeek.h">
      <Filter>헤더 파일</Filter>
    </ClInclude>
    <ClInclude Include="BlackJack.h">
      <Filter>헤더 파일</Filter>
    </ClInclude>
    <ClInclude Include="Day0916.h">
      <Filter>헤더 파일</Filter>
    </ClInclude>
    <ClInclude Include="Car.h">
      <Filter>헤더 파일</Filter>
    </ClInclude>
    <ClInclude Include="Animal.h">
      <Filter>동물시리즈</Filter>
    </ClInclude>
    <ClInclude Include="Lion.h">
      <Filter>동물시리즈</Filter>
    </ClInclude>
    <ClInclude Include="Eagle.h">
      <Filter>동물시리즈</Filter>
    </ClInclude>
    <ClInclude Include="Shark.h">
      <Filter>동물시리즈</Filter>
    </ClInclude>
    <ClInclude Include="Monkey.h">
      <Filter>동물시리즈</Filter>
    </ClInclude>
    <ClInclude Include="Monster.h">
      <Filter>몬스터시리즈</Filter>
    </ClInclude>
    <ClInclude Include="Zombie.h">
      <Filter>몬스터시리즈</Filter>
    </ClInclude>
    <ClInclude Include="Skeleton.h">
      <Filter>몬스터시리즈</Filter>
    </ClInclude>
    <ClInclude Include="Orc.h">
      <Filter>몬스터시리즈</Filter>
    </ClInclude>
    <ClInclude Include="Goblin.h">
      <Filter>몬스터시리즈</Filter>
    </ClInclude>
    <ClInclude Include="Day0917.h">
      <Filter>헤더 파일</Filter>
    </ClInclude>
    <ClInclude Include="Hawk.h">
      <Filter>동물시리즈</Filter>
    </ClInclude>
    <ClInclude Include="TestSample.h">
      <Filter>헤더 파일</Filter>
    </ClInclude>
    <ClInclude Include="Shape.h">
      <Filter>모양</Filter>
    </ClInclude>
    <ClInclude Include="IFlyable.h">
      <Filter>동물시리즈</Filter>
    </ClInclude>
    <ClInclude Include="ICanBattle.h">
      <Filter>헤더 파일</Filter>
    </ClInclude>
    <ClInclude Include="Day0918.h">
      <Filter>헤더 파일</Filter>
    </ClInclude>
    <ClInclude Include="LinkedList.h">
      <Filter>자료구조</Filter>
    </ClInclude>
    <ClInclude Include="DoubleLinkedList.h">
      <Filter>헤더 파일</Filter>
    </ClInclude>
    <ClInclude Include="FixedStack.h">
      <Filter>자료구조</Filter>
    </ClInclude>
    <ClInclude Include="Day0919.h">
      <Filter>헤더 파일</Filter>
    </ClInclude>
    <ClInclude Include="CircularQueue.h">
      <Filter>자료구조</Filter>
    </ClInclude>
  </ItemGroup>
</Project>